
Microsoft Visual Studio Solution File, Format Version 12.00
# Visual Studio 14
VisualStudioVersion = 14.0.25123.0
MinimumVisualStudioVersion = 10.0.40219.1
Project("{8BC9CEB8-8B4A-11D0-8D11-00A0C91BC942}") = "QuickSortImpl", "QuickSortImpl\QuickSortImpl.vcxproj", "{C255FE3A-3B7F-4B05-8C61-D9609CA51F5D}"
EndProject
Project("{8BC9CEB8-8B4A-11D0-8D11-00A0C91BC942}") = "SimpleQueueImpl", "SimpleQueueImpl\SimpleQueueImpl.vcxproj", "{E0F360D4-5554-4BEE-A8B9-A5E5EAD14AE2}"
EndProject
Project("{8BC9CEB8-8B4A-11D0-8D11-00A0C91BC942}") = "SimpleStackImpl", "SimpleStackImpl\SimpleStackImpl.vcxproj", "{9161F932-F975-4455-AEBE-BE2E43F89ADF}"
EndProject
Project("{8BC9CEB8-8B4A-11D0-8D11-00A0C91BC942}") = "JustPractice", "JustPractice\JustPractice.vcxproj", "{817D0935-5452-40CC-A072-1BF26BAE7DA2}"
EndProject
Project("{8BC9CEB8-8B4A-11D0-8D11-00A0C91BC942}") = "StlPractice", "StlPractice\StlPractice.vcxproj", "{3B23ADD9-CB19-4A0D-B2A7-1226C9EE074F}"
EndProject
Project("{8BC9CEB8-8B4A-11D0-8D11-00A0C91BC942}") = "LinkedListStackImpl", "LinkedListStackImpl\LinkedListStackImpl.vcxproj", "{35CF09F1-D82E-4B9B-9541-46923FA99572}"
EndProject
Project("{8BC9CEB8-8B4A-11D0-8D11-00A0C91BC942}") = "LinkedListQueueImpl", "LinkedListQueueImpl\LinkedListQueueImpl.vcxproj", "{5FD58F5F-3D65-48E8-88BB-9BA8CFBD3C08}"
EndProject
Project("{8BC9CEB8-8B4A-11D0-8D11-00A0C91BC942}") = "GenericStackImpl", "GenericStackImpl\GenericStackImpl.vcxproj", "{90F66E14-633F-487C-85DD-F7E51FE3041A}"
EndProject
Project("{8BC9CEB8-8B4A-11D0-8D11-00A0C91BC942}") = "GenericQueueImpl", "GenericQueueImpl\GenericQueueImpl.vcxproj", "{DCCDC03D-E6FE-49DE-B8A3-5501D46C75E3}"
EndProject
Project("{8BC9CEB8-8B4A-11D0-8D11-00A0C91BC942}") = "DS-Practice", "DS-Practice\DS-Practice.vcxproj", "{8BDF9D4A-D48B-4DD9-BBFF-590348820A3B}"
EndProject
Project("{8BC9CEB8-8B4A-11D0-8D11-00A0C91BC942}") = "Libs", "Libs\Libs.vcxproj", "{01097362-50BD-4286-952A-72A2CF5DCDD7}"
EndProject
Project("{8BC9CEB8-8B4A-11D0-8D11-00A0C91BC942}") = "MST-Prims", "MST-Prims\MST-Prims.vcxproj", "{8BC46F78-E109-43DA-BE3D-B657650BC159}"
EndProject
Project("{8BC9CEB8-8B4A-11D0-8D11-00A0C91BC942}") = "TarjanSCC", "TarjanSCC\TarjanSCC.vcxproj", "{028783AC-CDBE-4877-B40C-4AAC856A9406}"
EndProject
Project("{8BC9CEB8-8B4A-11D0-8D11-00A0C91BC942}") = "BellmanFord", "BellmanFord\BellmanFord.vcxproj", "{DFA3B77C-1FF5-4A70-8954-04B1A15B042F}"
EndProject
Global
	GlobalSection(SolutionConfigurationPlatforms) = preSolution
		Debug|x64 = Debug|x64
		Debug|x86 = Debug|x86
		Release|x64 = Release|x64
		Release|x86 = Release|x86
	EndGlobalSection
	GlobalSection(ProjectConfigurationPlatforms) = postSolution
		{C255FE3A-3B7F-4B05-8C61-D9609CA51F5D}.Debug|x64.ActiveCfg = Debug|x64
		{C255FE3A-3B7F-4B05-8C61-D9609CA51F5D}.Debug|x64.Build.0 = Debug|x64
		{C255FE3A-3B7F-4B05-8C61-D9609CA51F5D}.Debug|x86.ActiveCfg = Debug|Win32
		{C255FE3A-3B7F-4B05-8C61-D9609CA51F5D}.Debug|x86.Build.0 = Debug|Win32
		{C255FE3A-3B7F-4B05-8C61-D9609CA51F5D}.Release|x64.ActiveCfg = Release|x64
		{C255FE3A-3B7F-4B05-8C61-D9609CA51F5D}.Release|x64.Build.0 = Release|x64
		{C255FE3A-3B7F-4B05-8C61-D9609CA51F5D}.Release|x86.ActiveCfg = Release|Win32
		{C255FE3A-3B7F-4B05-8C61-D9609CA51F5D}.Release|x86.Build.0 = Release|Win32
		{E0F360D4-5554-4BEE-A8B9-A5E5EAD14AE2}.Debug|x64.ActiveCfg = Debug|x64
		{E0F360D4-5554-4BEE-A8B9-A5E5EAD14AE2}.Debug|x64.Build.0 = Debug|x64
		{E0F360D4-5554-4BEE-A8B9-A5E5EAD14AE2}.Debug|x86.ActiveCfg = Debug|Win32
		{E0F360D4-5554-4BEE-A8B9-A5E5EAD14AE2}.Debug|x86.Build.0 = Debug|Win32
		{E0F360D4-5554-4BEE-A8B9-A5E5EAD14AE2}.Release|x64.ActiveCfg = Release|x64
		{E0F360D4-5554-4BEE-A8B9-A5E5EAD14AE2}.Release|x64.Build.0 = Release|x64
		{E0F360D4-5554-4BEE-A8B9-A5E5EAD14AE2}.Release|x86.ActiveCfg = Release|Win32
		{E0F360D4-5554-4BEE-A8B9-A5E5EAD14AE2}.Release|x86.Build.0 = Release|Win32
		{9161F932-F975-4455-AEBE-BE2E43F89ADF}.Debug|x64.ActiveCfg = Debug|x64
		{9161F932-F975-4455-AEBE-BE2E43F89ADF}.Debug|x64.Build.0 = Debug|x64
		{9161F932-F975-4455-AEBE-BE2E43F89ADF}.Debug|x86.ActiveCfg = Debug|Win32
		{9161F932-F975-4455-AEBE-BE2E43F89ADF}.Debug|x86.Build.0 = Debug|Win32
		{9161F932-F975-4455-AEBE-BE2E43F89ADF}.Release|x64.ActiveCfg = Release|x64
		{9161F932-F975-4455-AEBE-BE2E43F89ADF}.Release|x64.Build.0 = Release|x64
		{9161F932-F975-4455-AEBE-BE2E43F89ADF}.Release|x86.ActiveCfg = Release|Win32
		{9161F932-F975-4455-AEBE-BE2E43F89ADF}.Release|x86.Build.0 = Release|Win32
		{817D0935-5452-40CC-A072-1BF26BAE7DA2}.Debug|x64.ActiveCfg = Debug|x64
		{817D0935-5452-40CC-A072-1BF26BAE7DA2}.Debug|x64.Build.0 = Debug|x64
		{817D0935-5452-40CC-A072-1BF26BAE7DA2}.Debug|x86.ActiveCfg = Debug|Win32
		{817D0935-5452-40CC-A072-1BF26BAE7DA2}.Debug|x86.Build.0 = Debug|Win32
		{817D0935-5452-40CC-A072-1BF26BAE7DA2}.Release|x64.ActiveCfg = Release|x64
		{817D0935-5452-40CC-A072-1BF26BAE7DA2}.Release|x64.Build.0 = Release|x64
		{817D0935-5452-40CC-A072-1BF26BAE7DA2}.Release|x86.ActiveCfg = Release|Win32
		{817D0935-5452-40CC-A072-1BF26BAE7DA2}.Release|x86.Build.0 = Release|Win32
		{3B23ADD9-CB19-4A0D-B2A7-1226C9EE074F}.Debug|x64.ActiveCfg = Debug|x64
		{3B23ADD9-CB19-4A0D-B2A7-1226C9EE074F}.Debug|x64.Build.0 = Debug|x64
		{3B23ADD9-CB19-4A0D-B2A7-1226C9EE074F}.Debug|x86.ActiveCfg = Debug|Win32
		{3B23ADD9-CB19-4A0D-B2A7-1226C9EE074F}.Debug|x86.Build.0 = Debug|Win32
		{3B23ADD9-CB19-4A0D-B2A7-1226C9EE074F}.Release|x64.ActiveCfg = Release|x64
		{3B23ADD9-CB19-4A0D-B2A7-1226C9EE074F}.Release|x64.Build.0 = Release|x64
		{3B23ADD9-CB19-4A0D-B2A7-1226C9EE074F}.Release|x86.ActiveCfg = Release|Win32
		{3B23ADD9-CB19-4A0D-B2A7-1226C9EE074F}.Release|x86.Build.0 = Release|Win32
		{35CF09F1-D82E-4B9B-9541-46923FA99572}.Debug|x64.ActiveCfg = Debug|x64
		{35CF09F1-D82E-4B9B-9541-46923FA99572}.Debug|x64.Build.0 = Debug|x64
		{35CF09F1-D82E-4B9B-9541-46923FA99572}.Debug|x86.ActiveCfg = Debug|Win32
		{35CF09F1-D82E-4B9B-9541-46923FA99572}.Debug|x86.Build.0 = Debug|Win32
		{35CF09F1-D82E-4B9B-9541-46923FA99572}.Release|x64.ActiveCfg = Release|x64
		{35CF09F1-D82E-4B9B-9541-46923FA99572}.Release|x64.Build.0 = Release|x64
		{35CF09F1-D82E-4B9B-9541-46923FA99572}.Release|x86.ActiveCfg = Release|Win32
		{35CF09F1-D82E-4B9B-9541-46923FA99572}.Release|x86.Build.0 = Release|Win32
		{5FD58F5F-3D65-48E8-88BB-9BA8CFBD3C08}.Debug|x64.ActiveCfg = Debug|x64
		{5FD58F5F-3D65-48E8-88BB-9BA8CFBD3C08}.Debug|x64.Build.0 = Debug|x64
		{5FD58F5F-3D65-48E8-88BB-9BA8CFBD3C08}.Debug|x86.ActiveCfg = Debug|Win32
		{5FD58F5F-3D65-48E8-88BB-9BA8CFBD3C08}.Debug|x86.Build.0 = Debug|Win32
		{5FD58F5F-3D65-48E8-88BB-9BA8CFBD3C08}.Release|x64.ActiveCfg = Release|x64
		{5FD58F5F-3D65-48E8-88BB-9BA8CFBD3C08}.Release|x64.Build.0 = Release|x64
		{5FD58F5F-3D65-48E8-88BB-9BA8CFBD3C08}.Release|x86.ActiveCfg = Release|Win32
		{5FD58F5F-3D65-48E8-88BB-9BA8CFBD3C08}.Release|x86.Build.0 = Release|Win32
		{90F66E14-633F-487C-85DD-F7E51FE3041A}.Debug|x64.ActiveCfg = Debug|x64
		{90F66E14-633F-487C-85DD-F7E51FE3041A}.Debug|x64.Build.0 = Debug|x64
		{90F66E14-633F-487C-85DD-F7E51FE3041A}.Debug|x86.ActiveCfg = Debug|Win32
		{90F66E14-633F-487C-85DD-F7E51FE3041A}.Debug|x86.Build.0 = Debug|Win32
		{90F66E14-633F-487C-85DD-F7E51FE3041A}.Release|x64.ActiveCfg = Release|x64
		{90F66E14-633F-487C-85DD-F7E51FE3041A}.Release|x64.Build.0 = Release|x64
		{90F66E14-633F-487C-85DD-F7E51FE3041A}.Release|x86.ActiveCfg = Release|Win32
		{90F66E14-633F-487C-85DD-F7E51FE3041A}.Release|x86.Build.0 = Release|Win32
		{DCCDC03D-E6FE-49DE-B8A3-5501D46C75E3}.Debug|x64.ActiveCfg = Debug|x64
		{DCCDC03D-E6FE-49DE-B8A3-5501D46C75E3}.Debug|x64.Build.0 = Debug|x64
		{DCCDC03D-E6FE-49DE-B8A3-5501D46C75E3}.Debug|x86.ActiveCfg = Debug|Win32
		{DCCDC03D-E6FE-49DE-B8A3-5501D46C75E3}.Debug|x86.Build.0 = Debug|Win32
		{DCCDC03D-E6FE-49DE-B8A3-5501D46C75E3}.Release|x64.ActiveCfg = Release|x64
		{DCCDC03D-E6FE-49DE-B8A3-5501D46C75E3}.Release|x64.Build.0 = Release|x64
		{DCCDC03D-E6FE-49DE-B8A3-5501D46C75E3}.Release|x86.ActiveCfg = Release|Win32
		{DCCDC03D-E6FE-49DE-B8A3-5501D46C75E3}.Release|x86.Build.0 = Release|Win32
		{8BDF9D4A-D48B-4DD9-BBFF-590348820A3B}.Debug|x64.ActiveCfg = Debug|x64
		{8BDF9D4A-D48B-4DD9-BBFF-590348820A3B}.Debug|x64.Build.0 = Debug|x64
		{8BDF9D4A-D48B-4DD9-BBFF-590348820A3B}.Debug|x86.ActiveCfg = Debug|Win32
		{8BDF9D4A-D48B-4DD9-BBFF-590348820A3B}.Debug|x86.Build.0 = Debug|Win32
		{8BDF9D4A-D48B-4DD9-BBFF-590348820A3B}.Release|x64.ActiveCfg = Release|x64
		{8BDF9D4A-D48B-4DD9-BBFF-590348820A3B}.Release|x64.Build.0 = Release|x64
		{8BDF9D4A-D48B-4DD9-BBFF-590348820A3B}.Release|x86.ActiveCfg = Release|Win32
		{8BDF9D4A-D48B-4DD9-BBFF-590348820A3B}.Release|x86.Build.0 = Release|Win32
		{01097362-50BD-4286-952A-72A2CF5DCDD7}.Debug|x64.ActiveCfg = Debug|x64
		{01097362-50BD-4286-952A-72A2CF5DCDD7}.Debug|x64.Build.0 = Debug|x64
		{01097362-50BD-4286-952A-72A2CF5DCDD7}.Debug|x86.ActiveCfg = Debug|Win32
		{01097362-50BD-4286-952A-72A2CF5DCDD7}.Debug|x86.Build.0 = Debug|Win32
		{01097362-50BD-4286-952A-72A2CF5DCDD7}.Release|x64.ActiveCfg = Release|x64
		{01097362-50BD-4286-952A-72A2CF5DCDD7}.Release|x64.Build.0 = Release|x64
		{01097362-50BD-4286-952A-72A2CF5DCDD7}.Release|x86.ActiveCfg = Release|Win32
		{01097362-50BD-4286-952A-72A2CF5DCDD7}.Release|x86.Build.0 = Release|Win32
		{8BC46F78-E109-43DA-BE3D-B657650BC159}.Debug|x64.ActiveCfg = Debug|x64
		{8BC46F78-E109-43DA-BE3D-B657650BC159}.Debug|x64.Build.0 = Debug|x64
		{8BC46F78-E109-43DA-BE3D-B657650BC159}.Debug|x86.ActiveCfg = Debug|Win32
		{8BC46F78-E109-43DA-BE3D-B657650BC159}.Debug|x86.Build.0 = Debug|Win32
		{8BC46F78-E109-43DA-BE3D-B657650BC159}.Release|x64.ActiveCfg = Release|x64
		{8BC46F78-E109-43DA-BE3D-B657650BC159}.Release|x64.Build.0 = Release|x64
		{8BC46F78-E109-43DA-BE3D-B657650BC159}.Release|x86.ActiveCfg = Release|Win32
		{8BC46F78-E109-43DA-BE3D-B657650BC159}.Release|x86.Build.0 = Release|Win32
		{028783AC-CDBE-4877-B40C-4AAC856A9406}.Debug|x64.ActiveCfg = Debug|x64
		{028783AC-CDBE-4877-B40C-4AAC856A9406}.Debug|x64.Build.0 = Debug|x64
		{028783AC-CDBE-4877-B40C-4AAC856A9406}.Debug|x86.ActiveCfg = Debug|Win32
		{028783AC-CDBE-4877-B40C-4AAC856A9406}.Debug|x86.Build.0 = Debug|Win32
		{028783AC-CDBE-4877-B40C-4AAC856A9406}.Release|x64.ActiveCfg = Release|x64
		{028783AC-CDBE-4877-B40C-4AAC856A9406}.Release|x64.Build.0 = Release|x64
		{028783AC-CDBE-4877-B40C-4AAC856A9406}.Release|x86.ActiveCfg = Release|Win32
		{028783AC-CDBE-4877-B40C-4AAC856A9406}.Release|x86.Build.0 = Release|Win32
		{DFA3B77C-1FF5-4A70-8954-04B1A15B042F}.Debug|x64.ActiveCfg = Debug|x64
		{DFA3B77C-1FF5-4A70-8954-04B1A15B042F}.Debug|x64.Build.0 = Debug|x64
		{DFA3B77C-1FF5-4A70-8954-04B1A15B042F}.Debug|x86.ActiveCfg = Debug|Win32
		{DFA3B77C-1FF5-4A70-8954-04B1A15B042F}.Debug|x86.Build.0 = Debug|Win32
		{DFA3B77C-1FF5-4A70-8954-04B1A15B042F}.Release|x64.ActiveCfg = Release|x64
		{DFA3B77C-1FF5-4A70-8954-04B1A15B042F}.Release|x64.Build.0 = Release|x64
		{DFA3B77C-1FF5-4A70-8954-04B1A15B042F}.Release|x86.ActiveCfg = Release|Win32
		{DFA3B77C-1FF5-4A70-8954-04B1A15B042F}.Release|x86.Build.0 = Release|Win32
	EndGlobalSection
	GlobalSection(SolutionProperties) = preSolution
		HideSolutionNode = FALSE
	EndGlobalSection
EndGlobal
